// !$*UTF8*$!
{
	archiveVersion = 1;
	classes = {
	};
	objectVersion = 51;
	objects = {

/* Begin PBXBuildFile section */
		3F2DAFDC263AB2BC0059A2C1 /* HomeViewController.swift in Sources */ = {isa = PBXBuildFile; fileRef = 3F2DAFDB263AB2BC0059A2C1 /* HomeViewController.swift */; };
		3F2DAFE3263C3CD30059A2C1 /* PostCell.swift in Sources */ = {isa = PBXBuildFile; fileRef = 3F2DAFE2263C3CD30059A2C1 /* PostCell.swift */; };
		3F2DAFE5263C3F570059A2C1 /* PostTableViewDataSource.swift in Sources */ = {isa = PBXBuildFile; fileRef = 3F2DAFE4263C3F570059A2C1 /* PostTableViewDataSource.swift */; };
		3F2DAFE7263C4BDF0059A2C1 /* UIFontExtensions.swift in Sources */ = {isa = PBXBuildFile; fileRef = 3F2DAFE6263C4BDF0059A2C1 /* UIFontExtensions.swift */; };
		3F540588263717AB000AEA16 /* AppDelegate.swift in Sources */ = {isa = PBXBuildFile; fileRef = 3F540587263717AB000AEA16 /* AppDelegate.swift */; };
		3F54058A263717AB000AEA16 /* SceneDelegate.swift in Sources */ = {isa = PBXBuildFile; fileRef = 3F540589263717AB000AEA16 /* SceneDelegate.swift */; };
		3F54058C263717AB000AEA16 /* LoginViewController.swift in Sources */ = {isa = PBXBuildFile; fileRef = 3F54058B263717AB000AEA16 /* LoginViewController.swift */; };
		3F54058F263717AB000AEA16 /* Main.storyboard in Resources */ = {isa = PBXBuildFile; fileRef = 3F54058D263717AB000AEA16 /* Main.storyboard */; };
		3F540591263717AC000AEA16 /* Assets.xcassets in Resources */ = {isa = PBXBuildFile; fileRef = 3F540590263717AC000AEA16 /* Assets.xcassets */; };
		3F540594263717AC000AEA16 /* LaunchScreen.storyboard in Resources */ = {isa = PBXBuildFile; fileRef = 3F540592263717AC000AEA16 /* LaunchScreen.storyboard */; };
		3F54059F263717AD000AEA16 /* KMMT_AppTests.swift in Sources */ = {isa = PBXBuildFile; fileRef = 3F54059E263717AD000AEA16 /* KMMT_AppTests.swift */; };
		3F5405AA263717AD000AEA16 /* KMMT_AppUITests.swift in Sources */ = {isa = PBXBuildFile; fileRef = 3F5405A9263717AD000AEA16 /* KMMT_AppUITests.swift */; };
		3F5405CB26371F00000AEA16 /* KMMUIViewController.swift in Sources */ = {isa = PBXBuildFile; fileRef = 3F5405CA26371F00000AEA16 /* KMMUIViewController.swift */; };
		3F5405D42637F3CC000AEA16 /* UIControlExtensions.swift in Sources */ = {isa = PBXBuildFile; fileRef = 3F5405D32637F3CC000AEA16 /* UIControlExtensions.swift */; };
		3F540617263800A2000AEA16 /* UITextFieldX.swift in Sources */ = {isa = PBXBuildFile; fileRef = 3F540616263800A2000AEA16 /* UITextFieldX.swift */; };
		3F54062126380237000AEA16 /* Colors.swift in Sources */ = {isa = PBXBuildFile; fileRef = 3F54062026380237000AEA16 /* Colors.swift */; };
		3F95EAAD263EE68700A8EDD4 /* BreedViewController.swift in Sources */ = {isa = PBXBuildFile; fileRef = 3F95EAAC263EE68700A8EDD4 /* BreedViewController.swift */; };
		3F95EAB2263FEE8800A8EDD4 /* BreedTableViewDataSource.swift in Sources */ = {isa = PBXBuildFile; fileRef = 3F95EAB1263FEE8800A8EDD4 /* BreedTableViewDataSource.swift */; };
		3F95EAB4263FF08300A8EDD4 /* BreedCell.swift in Sources */ = {isa = PBXBuildFile; fileRef = 3F95EAB3263FF08300A8EDD4 /* BreedCell.swift */; };
		9A4B5A9B2871C2CA00E35F44 /* WelcomeViewController.swift in Sources */ = {isa = PBXBuildFile; fileRef = 9A4B5A9A2871C2CA00E35F44 /* WelcomeViewController.swift */; };
		9A4B5AA12871C31000E35F44 /* ShowTableViewDataSource.swift in Sources */ = {isa = PBXBuildFile; fileRef = 9A4B5A9E2871C31000E35F44 /* ShowTableViewDataSource.swift */; };
		9A4B5AA22871C31000E35F44 /* ShowCell.swift in Sources */ = {isa = PBXBuildFile; fileRef = 9A4B5A9F2871C31000E35F44 /* ShowCell.swift */; };
		9A4B5AA32871C31000E35F44 /* TVShowsViewController.swift in Sources */ = {isa = PBXBuildFile; fileRef = 9A4B5AA02871C31000E35F44 /* TVShowsViewController.swift */; };
		9A4B5AA52871C4DE00E35F44 /* UITextFieldControl.swift in Sources */ = {isa = PBXBuildFile; fileRef = 9A4B5AA42871C4DE00E35F44 /* UITextFieldControl.swift */; };
		F0A114C1772BD32678BAEAD5 /* Pods_KMMTApp.framework in Frameworks */ = {isa = PBXBuildFile; fileRef = BCF2E1A10C4C547BA8C36935 /* Pods_KMMTApp.framework */; };
/* End PBXBuildFile section */

/* Begin PBXContainerItemProxy section */
		3F54059B263717AD000AEA16 /* PBXContainerItemProxy */ = {
			isa = PBXContainerItemProxy;
			containerPortal = 3F54057C263717AB000AEA16 /* Project object */;
			proxyType = 1;
			remoteGlobalIDString = 3F540583263717AB000AEA16;
			remoteInfo = "KMMT App";
		};
		3F5405A6263717AD000AEA16 /* PBXContainerItemProxy */ = {
			isa = PBXContainerItemProxy;
			containerPortal = 3F54057C263717AB000AEA16 /* Project object */;
			proxyType = 1;
			remoteGlobalIDString = 3F540583263717AB000AEA16;
			remoteInfo = "KMMT App";
		};
/* End PBXContainerItemProxy section */

/* Begin PBXFileReference section */
		0D798E672EE86F8FBDCB7F9C /* Pods-KMMT App-KMMT AppUITests.release.xcconfig */ = {isa = PBXFileReference; includeInIndex = 1; lastKnownFileType = text.xcconfig; name = "Pods-KMMT App-KMMT AppUITests.release.xcconfig"; path = "Target Support Files/Pods-KMMT App-KMMT AppUITests/Pods-KMMT App-KMMT AppUITests.release.xcconfig"; sourceTree = "<group>"; };
		3F2DAFDB263AB2BC0059A2C1 /* HomeViewController.swift */ = {isa = PBXFileReference; lastKnownFileType = sourcecode.swift; path = HomeViewController.swift; sourceTree = "<group>"; };
		3F2DAFE2263C3CD30059A2C1 /* PostCell.swift */ = {isa = PBXFileReference; lastKnownFileType = sourcecode.swift; path = PostCell.swift; sourceTree = "<group>"; };
		3F2DAFE4263C3F570059A2C1 /* PostTableViewDataSource.swift */ = {isa = PBXFileReference; lastKnownFileType = sourcecode.swift; path = PostTableViewDataSource.swift; sourceTree = "<group>"; };
		3F2DAFE6263C4BDF0059A2C1 /* UIFontExtensions.swift */ = {isa = PBXFileReference; lastKnownFileType = sourcecode.swift; path = UIFontExtensions.swift; sourceTree = "<group>"; };
		3F540584263717AB000AEA16 /* KMMTApp.app */ = {isa = PBXFileReference; explicitFileType = wrapper.application; includeInIndex = 0; path = KMMTApp.app; sourceTree = BUILT_PRODUCTS_DIR; };
		3F540587263717AB000AEA16 /* AppDelegate.swift */ = {isa = PBXFileReference; lastKnownFileType = sourcecode.swift; path = AppDelegate.swift; sourceTree = "<group>"; };
		3F540589263717AB000AEA16 /* SceneDelegate.swift */ = {isa = PBXFileReference; lastKnownFileType = sourcecode.swift; path = SceneDelegate.swift; sourceTree = "<group>"; };
		3F54058B263717AB000AEA16 /* LoginViewController.swift */ = {isa = PBXFileReference; lastKnownFileType = sourcecode.swift; path = LoginViewController.swift; sourceTree = "<group>"; };
		3F54058E263717AB000AEA16 /* Base */ = {isa = PBXFileReference; lastKnownFileType = file.storyboard; name = Base; path = Base.lproj/Main.storyboard; sourceTree = "<group>"; };
		3F540590263717AC000AEA16 /* Assets.xcassets */ = {isa = PBXFileReference; lastKnownFileType = folder.assetcatalog; path = Assets.xcassets; sourceTree = "<group>"; };
		3F540593263717AC000AEA16 /* Base */ = {isa = PBXFileReference; lastKnownFileType = file.storyboard; name = Base; path = Base.lproj/LaunchScreen.storyboard; sourceTree = "<group>"; };
		3F540595263717AC000AEA16 /* Info.plist */ = {isa = PBXFileReference; lastKnownFileType = text.plist.xml; path = Info.plist; sourceTree = "<group>"; };
		3F54059A263717AD000AEA16 /* KMMTAppTests.xctest */ = {isa = PBXFileReference; explicitFileType = wrapper.cfbundle; includeInIndex = 0; path = KMMTAppTests.xctest; sourceTree = BUILT_PRODUCTS_DIR; };
		3F54059E263717AD000AEA16 /* KMMT_AppTests.swift */ = {isa = PBXFileReference; lastKnownFileType = sourcecode.swift; path = KMMT_AppTests.swift; sourceTree = "<group>"; };
		3F5405A0263717AD000AEA16 /* Info.plist */ = {isa = PBXFileReference; lastKnownFileType = text.plist.xml; path = Info.plist; sourceTree = "<group>"; };
		3F5405A5263717AD000AEA16 /* KMMTAppUITests.xctest */ = {isa = PBXFileReference; explicitFileType = wrapper.cfbundle; includeInIndex = 0; path = KMMTAppUITests.xctest; sourceTree = BUILT_PRODUCTS_DIR; };
		3F5405A9263717AD000AEA16 /* KMMT_AppUITests.swift */ = {isa = PBXFileReference; lastKnownFileType = sourcecode.swift; path = KMMT_AppUITests.swift; sourceTree = "<group>"; };
		3F5405AB263717AD000AEA16 /* Info.plist */ = {isa = PBXFileReference; lastKnownFileType = text.plist.xml; path = Info.plist; sourceTree = "<group>"; };
		3F5405CA26371F00000AEA16 /* KMMUIViewController.swift */ = {isa = PBXFileReference; lastKnownFileType = sourcecode.swift; path = KMMUIViewController.swift; sourceTree = "<group>"; };
		3F5405D32637F3CC000AEA16 /* UIControlExtensions.swift */ = {isa = PBXFileReference; fileEncoding = 4; lastKnownFileType = sourcecode.swift; path = UIControlExtensions.swift; sourceTree = "<group>"; };
		3F540616263800A2000AEA16 /* UITextFieldX.swift */ = {isa = PBXFileReference; lastKnownFileType = sourcecode.swift; path = UITextFieldX.swift; sourceTree = "<group>"; };
		3F54062026380237000AEA16 /* Colors.swift */ = {isa = PBXFileReference; fileEncoding = 4; lastKnownFileType = sourcecode.swift; path = Colors.swift; sourceTree = "<group>"; };
		3F95EAAC263EE68700A8EDD4 /* BreedViewController.swift */ = {isa = PBXFileReference; lastKnownFileType = sourcecode.swift; path = BreedViewController.swift; sourceTree = "<group>"; };
		3F95EAB1263FEE8800A8EDD4 /* BreedTableViewDataSource.swift */ = {isa = PBXFileReference; lastKnownFileType = sourcecode.swift; path = BreedTableViewDataSource.swift; sourceTree = "<group>"; };
		3F95EAB3263FF08300A8EDD4 /* BreedCell.swift */ = {isa = PBXFileReference; lastKnownFileType = sourcecode.swift; path = BreedCell.swift; sourceTree = "<group>"; };
		53ED154DD5958B1E727CF6A0 /* Pods-KMMT AppTests.release.xcconfig */ = {isa = PBXFileReference; includeInIndex = 1; lastKnownFileType = text.xcconfig; name = "Pods-KMMT AppTests.release.xcconfig"; path = "Target Support Files/Pods-KMMT AppTests/Pods-KMMT AppTests.release.xcconfig"; sourceTree = "<group>"; };
		72665331961E469DE4AB2BBA /* Pods-KMMT App.release.xcconfig */ = {isa = PBXFileReference; includeInIndex = 1; lastKnownFileType = text.xcconfig; name = "Pods-KMMT App.release.xcconfig"; path = "Target Support Files/Pods-KMMT App/Pods-KMMT App.release.xcconfig"; sourceTree = "<group>"; };
		770C05B6D83F5BAA5DAAF8BF /* Pods-KMMT AppTests.debug.xcconfig */ = {isa = PBXFileReference; includeInIndex = 1; lastKnownFileType = text.xcconfig; name = "Pods-KMMT AppTests.debug.xcconfig"; path = "Target Support Files/Pods-KMMT AppTests/Pods-KMMT AppTests.debug.xcconfig"; sourceTree = "<group>"; };
		9A4B5A9A2871C2CA00E35F44 /* WelcomeViewController.swift */ = {isa = PBXFileReference; fileEncoding = 4; lastKnownFileType = sourcecode.swift; path = WelcomeViewController.swift; sourceTree = "<group>"; };
		9A4B5A9E2871C31000E35F44 /* ShowTableViewDataSource.swift */ = {isa = PBXFileReference; fileEncoding = 4; lastKnownFileType = sourcecode.swift; path = ShowTableViewDataSource.swift; sourceTree = "<group>"; };
		9A4B5A9F2871C31000E35F44 /* ShowCell.swift */ = {isa = PBXFileReference; fileEncoding = 4; lastKnownFileType = sourcecode.swift; path = ShowCell.swift; sourceTree = "<group>"; };
		9A4B5AA02871C31000E35F44 /* TVShowsViewController.swift */ = {isa = PBXFileReference; fileEncoding = 4; lastKnownFileType = sourcecode.swift; path = TVShowsViewController.swift; sourceTree = "<group>"; };
		9A4B5AA42871C4DE00E35F44 /* UITextFieldControl.swift */ = {isa = PBXFileReference; fileEncoding = 4; lastKnownFileType = sourcecode.swift; path = UITextFieldControl.swift; sourceTree = "<group>"; };
		A111AAB282AA0ED95F139EF9 /* Pods-KMMT App.debug.xcconfig */ = {isa = PBXFileReference; includeInIndex = 1; lastKnownFileType = text.xcconfig; name = "Pods-KMMT App.debug.xcconfig"; path = "Target Support Files/Pods-KMMT App/Pods-KMMT App.debug.xcconfig"; sourceTree = "<group>"; };
		A390526BD0BA338391A5D6A6 /* Pods-KMMT App-KMMT AppUITests.debug.xcconfig */ = {isa = PBXFileReference; includeInIndex = 1; lastKnownFileType = text.xcconfig; name = "Pods-KMMT App-KMMT AppUITests.debug.xcconfig"; path = "Target Support Files/Pods-KMMT App-KMMT AppUITests/Pods-KMMT App-KMMT AppUITests.debug.xcconfig"; sourceTree = "<group>"; };
		B4A7BBB3599BB8115A2E00AA /* Pods-KMMTApp.release.xcconfig */ = {isa = PBXFileReference; includeInIndex = 1; lastKnownFileType = text.xcconfig; name = "Pods-KMMTApp.release.xcconfig"; path = "Target Support Files/Pods-KMMTApp/Pods-KMMTApp.release.xcconfig"; sourceTree = "<group>"; };
		BCF2E1A10C4C547BA8C36935 /* Pods_KMMTApp.framework */ = {isa = PBXFileReference; explicitFileType = wrapper.framework; includeInIndex = 0; path = Pods_KMMTApp.framework; sourceTree = BUILT_PRODUCTS_DIR; };
		D77D5821D2EE4AD0942140E3 /* Pods-KMMTApp.debug.xcconfig */ = {isa = PBXFileReference; includeInIndex = 1; lastKnownFileType = text.xcconfig; name = "Pods-KMMTApp.debug.xcconfig"; path = "Target Support Files/Pods-KMMTApp/Pods-KMMTApp.debug.xcconfig"; sourceTree = "<group>"; };
/* End PBXFileReference section */

/* Begin PBXFrameworksBuildPhase section */
		3F540581263717AB000AEA16 /* Frameworks */ = {
			isa = PBXFrameworksBuildPhase;
			buildActionMask = 2147483647;
			files = (
				F0A114C1772BD32678BAEAD5 /* Pods_KMMTApp.framework in Frameworks */,
			);
			runOnlyForDeploymentPostprocessing = 0;
		};
		3F540597263717AD000AEA16 /* Frameworks */ = {
			isa = PBXFrameworksBuildPhase;
			buildActionMask = 2147483647;
			files = (
			);
			runOnlyForDeploymentPostprocessing = 0;
		};
		3F5405A2263717AD000AEA16 /* Frameworks */ = {
			isa = PBXFrameworksBuildPhase;
			buildActionMask = 2147483647;
			files = (
			);
			runOnlyForDeploymentPostprocessing = 0;
		};
/* End PBXFrameworksBuildPhase section */

/* Begin PBXGroup section */
		3F2DAFDD263BF12C0059A2C1 /* demo */ = {
			isa = PBXGroup;
			children = (
				9A4B5A992871C26B00E35F44 /* tvshows */,
				3F95EAAB263EE66300A8EDD4 /* kampkit */,
				3F2DAFE0263C37C90059A2C1 /* home */,
				3F54058B263717AB000AEA16 /* LoginViewController.swift */,
			);
			path = demo;
			sourceTree = "<group>";
		};
		3F2DAFE0263C37C90059A2C1 /* home */ = {
			isa = PBXGroup;
			children = (
				3F2DAFE1263C3C990059A2C1 /* postTableView */,
				3F2DAFDB263AB2BC0059A2C1 /* HomeViewController.swift */,
			);
			path = home;
			sourceTree = "<group>";
		};
		3F2DAFE1263C3C990059A2C1 /* postTableView */ = {
			isa = PBXGroup;
			children = (
				3F2DAFE2263C3CD30059A2C1 /* PostCell.swift */,
				3F2DAFE4263C3F570059A2C1 /* PostTableViewDataSource.swift */,
			);
			path = postTableView;
			sourceTree = "<group>";
		};
		3F54057B263717AB000AEA16 = {
			isa = PBXGroup;
			children = (
				3F540586263717AB000AEA16 /* KMMT App */,
				3F54059D263717AD000AEA16 /* KMMT AppTests */,
				3F5405A8263717AD000AEA16 /* KMMT AppUITests */,
				3F540585263717AB000AEA16 /* Products */,
				3F5405C026371921000AEA16 /* Frameworks */,
				DFC8AB6293DC94FBB114B648 /* Pods */,
			);
			sourceTree = "<group>";
		};
		3F540585263717AB000AEA16 /* Products */ = {
			isa = PBXGroup;
			children = (
				3F540584263717AB000AEA16 /* KMMTApp.app */,
				3F54059A263717AD000AEA16 /* KMMTAppTests.xctest */,
				3F5405A5263717AD000AEA16 /* KMMTAppUITests.xctest */,
			);
			name = Products;
			sourceTree = "<group>";
		};
		3F540586263717AB000AEA16 /* KMMT App */ = {
			isa = PBXGroup;
			children = (
				3F2DAFDD263BF12C0059A2C1 /* demo */,
				3F5405C826371EE5000AEA16 /* core */,
				3F540587263717AB000AEA16 /* AppDelegate.swift */,
				3F540589263717AB000AEA16 /* SceneDelegate.swift */,
				3F54058D263717AB000AEA16 /* Main.storyboard */,
				3F540590263717AC000AEA16 /* Assets.xcassets */,
				3F540592263717AC000AEA16 /* LaunchScreen.storyboard */,
				3F540595263717AC000AEA16 /* Info.plist */,
			);
			path = "KMMT App";
			sourceTree = "<group>";
		};
		3F54059D263717AD000AEA16 /* KMMT AppTests */ = {
			isa = PBXGroup;
			children = (
				3F54059E263717AD000AEA16 /* KMMT_AppTests.swift */,
				3F5405A0263717AD000AEA16 /* Info.plist */,
			);
			path = "KMMT AppTests";
			sourceTree = "<group>";
		};
		3F5405A8263717AD000AEA16 /* KMMT AppUITests */ = {
			isa = PBXGroup;
			children = (
				3F5405A9263717AD000AEA16 /* KMMT_AppUITests.swift */,
				3F5405AB263717AD000AEA16 /* Info.plist */,
			);
			path = "KMMT AppUITests";
			sourceTree = "<group>";
		};
		3F5405C026371921000AEA16 /* Frameworks */ = {
			isa = PBXGroup;
			children = (
				BCF2E1A10C4C547BA8C36935 /* Pods_KMMTApp.framework */,
			);
			name = Frameworks;
			sourceTree = "<group>";
		};
		3F5405C826371EE5000AEA16 /* core */ = {
			isa = PBXGroup;
			children = (
				3F5405C926371EEE000AEA16 /* view */,
			);
			path = core;
			sourceTree = "<group>";
		};
		3F5405C926371EEE000AEA16 /* view */ = {
			isa = PBXGroup;
			children = (
				3F54061D2638020F000AEA16 /* resources */,
				3F5406132638005C000AEA16 /* uicontrols */,
				3F5405D22637F39B000AEA16 /* extensions */,
				3F5405CA26371F00000AEA16 /* KMMUIViewController.swift */,
			);
			path = view;
			sourceTree = "<group>";
		};
		3F5405D22637F39B000AEA16 /* extensions */ = {
			isa = PBXGroup;
			children = (
				9A4B5AA42871C4DE00E35F44 /* UITextFieldControl.swift */,
				3F5405D32637F3CC000AEA16 /* UIControlExtensions.swift */,
				3F2DAFE6263C4BDF0059A2C1 /* UIFontExtensions.swift */,
			);
			path = extensions;
			sourceTree = "<group>";
		};
		3F5406132638005C000AEA16 /* uicontrols */ = {
			isa = PBXGroup;
			children = (
				3F540616263800A2000AEA16 /* UITextFieldX.swift */,
			);
			path = uicontrols;
			sourceTree = "<group>";
		};
		3F54061D2638020F000AEA16 /* resources */ = {
			isa = PBXGroup;
			children = (
				3F54062026380237000AEA16 /* Colors.swift */,
			);
			path = resources;
			sourceTree = "<group>";
		};
		3F95EAAB263EE66300A8EDD4 /* kampkit */ = {
			isa = PBXGroup;
			children = (
				3F95EAAE263FEDF400A8EDD4 /* breedTableView */,
				3F95EAAC263EE68700A8EDD4 /* BreedViewController.swift */,
			);
			path = kampkit;
			sourceTree = "<group>";
		};
		3F95EAAE263FEDF400A8EDD4 /* breedTableView */ = {
			isa = PBXGroup;
			children = (
				3F95EAB1263FEE8800A8EDD4 /* BreedTableViewDataSource.swift */,
				3F95EAB3263FF08300A8EDD4 /* BreedCell.swift */,
			);
			path = breedTableView;
			sourceTree = "<group>";
		};
		9A4B5A992871C26B00E35F44 /* tvshows */ = {
			isa = PBXGroup;
			children = (
				9A4B5A9C2871C2CE00E35F44 /* showsearch */,
				9A4B5A9A2871C2CA00E35F44 /* WelcomeViewController.swift */,
			);
			path = tvshows;
			sourceTree = "<group>";
		};
		9A4B5A9C2871C2CE00E35F44 /* showsearch */ = {
			isa = PBXGroup;
			children = (
				9A4B5A9D2871C31000E35F44 /* showresultTableView */,
				9A4B5AA02871C31000E35F44 /* TVShowsViewController.swift */,
			);
			path = showsearch;
			sourceTree = "<group>";
		};
		9A4B5A9D2871C31000E35F44 /* showresultTableView */ = {
			isa = PBXGroup;
			children = (
				9A4B5A9E2871C31000E35F44 /* ShowTableViewDataSource.swift */,
				9A4B5A9F2871C31000E35F44 /* ShowCell.swift */,
			);
			path = showresultTableView;
			sourceTree = "<group>";
		};
		DFC8AB6293DC94FBB114B648 /* Pods */ = {
			isa = PBXGroup;
			children = (
				A111AAB282AA0ED95F139EF9 /* Pods-KMMT App.debug.xcconfig */,
				72665331961E469DE4AB2BBA /* Pods-KMMT App.release.xcconfig */,
				A390526BD0BA338391A5D6A6 /* Pods-KMMT App-KMMT AppUITests.debug.xcconfig */,
				0D798E672EE86F8FBDCB7F9C /* Pods-KMMT App-KMMT AppUITests.release.xcconfig */,
				770C05B6D83F5BAA5DAAF8BF /* Pods-KMMT AppTests.debug.xcconfig */,
				53ED154DD5958B1E727CF6A0 /* Pods-KMMT AppTests.release.xcconfig */,
				D77D5821D2EE4AD0942140E3 /* Pods-KMMTApp.debug.xcconfig */,
				B4A7BBB3599BB8115A2E00AA /* Pods-KMMTApp.release.xcconfig */,
			);
			path = Pods;
			sourceTree = "<group>";
		};
/* End PBXGroup section */

/* Begin PBXNativeTarget section */
		3F540583263717AB000AEA16 /* KMMTApp */ = {
			isa = PBXNativeTarget;
			buildConfigurationList = 3F5405AE263717AD000AEA16 /* Build configuration list for PBXNativeTarget "KMMTApp" */;
			buildPhases = (
				A6A0311B0F713FADEE15328E /* [CP] Check Pods Manifest.lock */,
				3F540580263717AB000AEA16 /* Sources */,
				3F540582263717AB000AEA16 /* Resources */,
				3F540581263717AB000AEA16 /* Frameworks */,
				9A732370287996B300EA6791 /* ShellScript */,
				F1044766C31BB661AB3EF648 /* [CP] Embed Pods Frameworks */,
			);
			buildRules = (
			);
			dependencies = (
			);
			name = KMMTApp;
			productName = "KMMT App";
			productReference = 3F540584263717AB000AEA16 /* KMMTApp.app */;
			productType = "com.apple.product-type.application";
		};
		3F540599263717AD000AEA16 /* KMMTAppTests */ = {
			isa = PBXNativeTarget;
			buildConfigurationList = 3F5405B1263717AD000AEA16 /* Build configuration list for PBXNativeTarget "KMMTAppTests" */;
			buildPhases = (
				3F540596263717AD000AEA16 /* Sources */,
				3F540597263717AD000AEA16 /* Frameworks */,
				3F540598263717AD000AEA16 /* Resources */,
			);
			buildRules = (
			);
			dependencies = (
				3F54059C263717AD000AEA16 /* PBXTargetDependency */,
			);
			name = KMMTAppTests;
			productName = "KMMT AppTests";
			productReference = 3F54059A263717AD000AEA16 /* KMMTAppTests.xctest */;
			productType = "com.apple.product-type.bundle.unit-test";
		};
		3F5405A4263717AD000AEA16 /* KMMTAppUITests */ = {
			isa = PBXNativeTarget;
			buildConfigurationList = 3F5405B4263717AD000AEA16 /* Build configuration list for PBXNativeTarget "KMMTAppUITests" */;
			buildPhases = (
				3F5405A1263717AD000AEA16 /* Sources */,
				3F5405A2263717AD000AEA16 /* Frameworks */,
				3F5405A3263717AD000AEA16 /* Resources */,
			);
			buildRules = (
			);
			dependencies = (
				3F5405A7263717AD000AEA16 /* PBXTargetDependency */,
			);
			name = KMMTAppUITests;
			productName = "KMMT AppUITests";
			productReference = 3F5405A5263717AD000AEA16 /* KMMTAppUITests.xctest */;
			productType = "com.apple.product-type.bundle.ui-testing";
		};
/* End PBXNativeTarget section */

/* Begin PBXProject section */
		3F54057C263717AB000AEA16 /* Project object */ = {
			isa = PBXProject;
			attributes = {
				LastSwiftUpdateCheck = 1240;
				LastUpgradeCheck = 1240;
				TargetAttributes = {
					3F540583263717AB000AEA16 = {
						CreatedOnToolsVersion = 12.4;
					};
					3F540599263717AD000AEA16 = {
						CreatedOnToolsVersion = 12.4;
						TestTargetID = 3F540583263717AB000AEA16;
					};
					3F5405A4263717AD000AEA16 = {
						CreatedOnToolsVersion = 12.4;
						TestTargetID = 3F540583263717AB000AEA16;
					};
				};
			};
			buildConfigurationList = 3F54057F263717AB000AEA16 /* Build configuration list for PBXProject "KMMTApp" */;
			compatibilityVersion = "Xcode 9.3";
			developmentRegion = en;
			hasScannedForEncodings = 0;
			knownRegions = (
				en,
				Base,
			);
			mainGroup = 3F54057B263717AB000AEA16;
			productRefGroup = 3F540585263717AB000AEA16 /* Products */;
			projectDirPath = "";
			projectRoot = "";
			targets = (
				3F540583263717AB000AEA16 /* KMMTApp */,
				3F540599263717AD000AEA16 /* KMMTAppTests */,
				3F5405A4263717AD000AEA16 /* KMMTAppUITests */,
			);
		};
/* End PBXProject section */

/* Begin PBXResourcesBuildPhase section */
		3F540582263717AB000AEA16 /* Resources */ = {
			isa = PBXResourcesBuildPhase;
			buildActionMask = 2147483647;
			files = (
				3F540594263717AC000AEA16 /* LaunchScreen.storyboard in Resources */,
				3F540591263717AC000AEA16 /* Assets.xcassets in Resources */,
				3F54058F263717AB000AEA16 /* Main.storyboard in Resources */,
			);
			runOnlyForDeploymentPostprocessing = 0;
		};
		3F540598263717AD000AEA16 /* Resources */ = {
			isa = PBXResourcesBuildPhase;
			buildActionMask = 2147483647;
			files = (
			);
			runOnlyForDeploymentPostprocessing = 0;
		};
		3F5405A3263717AD000AEA16 /* Resources */ = {
			isa = PBXResourcesBuildPhase;
			buildActionMask = 2147483647;
			files = (
			);
			runOnlyForDeploymentPostprocessing = 0;
		};
/* End PBXResourcesBuildPhase section */

/* Begin PBXShellScriptBuildPhase section */
		9A732370287996B300EA6791 /* ShellScript */ = {
			isa = PBXShellScriptBuildPhase;
			buildActionMask = 2147483647;
			files = (
			);
			inputFileListPaths = (
			);
			inputPaths = (
			);
			outputFileListPaths = (
			);
			outputPaths = (
			);
			runOnlyForDeploymentPostprocessing = 0;
			shellPath = /bin/sh;
			shellScript = "\"$SRCROOT/../gradlew\" -p \"$SRCROOT/../\" :kmmtshared:resources:copyFrameworkResourcesToApp \\\n    -Pmoko.resources.PLATFORM_NAME=$PLATFORM_NAME \\\n    -Pmoko.resources.CONFIGURATION=$CONFIGURATION \\\n    -Pmoko.resources.BUILT_PRODUCTS_DIR=$BUILT_PRODUCTS_DIR \\\n    -Pmoko.resources.CONTENTS_FOLDER_PATH=$CONTENTS_FOLDER_PATH\\\n    -Pkotlin.native.cocoapods.platform=$PLATFORM_NAME \\\n    -Pkotlin.native.cocoapods.archs=\"$ARCHS\" \\\n    -Pkotlin.native.cocoapods.configuration=$CONFIGURATION \n";
		};
		A6A0311B0F713FADEE15328E /* [CP] Check Pods Manifest.lock */ = {
			isa = PBXShellScriptBuildPhase;
			buildActionMask = 2147483647;
			files = (
			);
			inputFileListPaths = (
			);
			inputPaths = (
				"${PODS_PODFILE_DIR_PATH}/Podfile.lock",
				"${PODS_ROOT}/Manifest.lock",
			);
			name = "[CP] Check Pods Manifest.lock";
			outputFileListPaths = (
			);
			outputPaths = (
				"$(DERIVED_FILE_DIR)/Pods-KMMTApp-checkManifestLockResult.txt",
			);
			runOnlyForDeploymentPostprocessing = 0;
			shellPath = /bin/sh;
			shellScript = "diff \"${PODS_PODFILE_DIR_PATH}/Podfile.lock\" \"${PODS_ROOT}/Manifest.lock\" > /dev/null\nif [ $? != 0 ] ; then\n    # print error to STDERR\n    echo \"error: The sandbox is not in sync with the Podfile.lock. Run 'pod install' or update your CocoaPods installation.\" >&2\n    exit 1\nfi\n# This output is used by Xcode 'outputs' to avoid re-running this script phase.\necho \"SUCCESS\" > \"${SCRIPT_OUTPUT_FILE_0}\"\n";
			showEnvVarsInLog = 0;
		};
		F1044766C31BB661AB3EF648 /* [CP] Embed Pods Frameworks */ = {
			isa = PBXShellScriptBuildPhase;
			buildActionMask = 2147483647;
			files = (
			);
			inputFileListPaths = (
				"${PODS_ROOT}/Target Support Files/Pods-KMMTApp/Pods-KMMTApp-frameworks-${CONFIGURATION}-input-files.xcfilelist",
			);
			name = "[CP] Embed Pods Frameworks";
			outputFileListPaths = (
				"${PODS_ROOT}/Target Support Files/Pods-KMMTApp/Pods-KMMTApp-frameworks-${CONFIGURATION}-output-files.xcfilelist",
			);
			runOnlyForDeploymentPostprocessing = 0;
			shellPath = /bin/sh;
			shellScript = "\"${PODS_ROOT}/Target Support Files/Pods-KMMTApp/Pods-KMMTApp-frameworks.sh\"\n";
			showEnvVarsInLog = 0;
		};
/* End PBXShellScriptBuildPhase section */

/* Begin PBXSourcesBuildPhase section */
		3F540580263717AB000AEA16 /* Sources */ = {
			isa = PBXSourcesBuildPhase;
			buildActionMask = 2147483647;
			files = (
				9A4B5AA22871C31000E35F44 /* ShowCell.swift in Sources */,
				3F540617263800A2000AEA16 /* UITextFieldX.swift in Sources */,
				3F54058C263717AB000AEA16 /* LoginViewController.swift in Sources */,
				3F95EAB4263FF08300A8EDD4 /* BreedCell.swift in Sources */,
				3F5405D42637F3CC000AEA16 /* UIControlExtensions.swift in Sources */,
				3F2DAFDC263AB2BC0059A2C1 /* HomeViewController.swift in Sources */,
				3F2DAFE7263C4BDF0059A2C1 /* UIFontExtensions.swift in Sources */,
				9A4B5A9B2871C2CA00E35F44 /* WelcomeViewController.swift in Sources */,
				3F2DAFE5263C3F570059A2C1 /* PostTableViewDataSource.swift in Sources */,
				9A4B5AA32871C31000E35F44 /* TVShowsViewController.swift in Sources */,
				3F95EAB2263FEE8800A8EDD4 /* BreedTableViewDataSource.swift in Sources */,
				3F54062126380237000AEA16 /* Colors.swift in Sources */,
				3F2DAFE3263C3CD30059A2C1 /* PostCell.swift in Sources */,
				3F5405CB26371F00000AEA16 /* KMMUIViewController.swift in Sources */,
				9A4B5AA12871C31000E35F44 /* ShowTableViewDataSource.swift in Sources */,
				9A4B5AA52871C4DE00E35F44 /* UITextFieldControl.swift in Sources */,
				3F540588263717AB000AEA16 /* AppDelegate.swift in Sources */,
				3F54058A263717AB000AEA16 /* SceneDelegate.swift in Sources */,
				3F95EAAD263EE68700A8EDD4 /* BreedViewController.swift in Sources */,
			);
			runOnlyForDeploymentPostprocessing = 0;
		};
		3F540596263717AD000AEA16 /* Sources */ = {
			isa = PBXSourcesBuildPhase;
			buildActionMask = 2147483647;
			files = (
				3F54059F263717AD000AEA16 /* KMMT_AppTests.swift in Sources */,
			);
			runOnlyForDeploymentPostprocessing = 0;
		};
		3F5405A1263717AD000AEA16 /* Sources */ = {
			isa = PBXSourcesBuildPhase;
			buildActionMask = 2147483647;
			files = (
				3F5405AA263717AD000AEA16 /* KMMT_AppUITests.swift in Sources */,
			);
			runOnlyForDeploymentPostprocessing = 0;
		};
/* End PBXSourcesBuildPhase section */

/* Begin PBXTargetDependency section */
		3F54059C263717AD000AEA16 /* PBXTargetDependency */ = {
			isa = PBXTargetDependency;
			target = 3F540583263717AB000AEA16 /* KMMTApp */;
			targetProxy = 3F54059B263717AD000AEA16 /* PBXContainerItemProxy */;
		};
		3F5405A7263717AD000AEA16 /* PBXTargetDependency */ = {
			isa = PBXTargetDependency;
			target = 3F540583263717AB000AEA16 /* KMMTApp */;
			targetProxy = 3F5405A6263717AD000AEA16 /* PBXContainerItemProxy */;
		};
/* End PBXTargetDependency section */

/* Begin PBXVariantGroup section */
		3F54058D263717AB000AEA16 /* Main.storyboard */ = {
			isa = PBXVariantGroup;
			children = (
				3F54058E263717AB000AEA16 /* Base */,
			);
			name = Main.storyboard;
			sourceTree = "<group>";
		};
		3F540592263717AC000AEA16 /* LaunchScreen.storyboard */ = {
			isa = PBXVariantGroup;
			children = (
				3F540593263717AC000AEA16 /* Base */,
			);
			name = LaunchScreen.storyboard;
			sourceTree = "<group>";
		};
/* End PBXVariantGroup section */

/* Begin XCBuildConfiguration section */
		3F5405AC263717AD000AEA16 /* Debug */ = {
			isa = XCBuildConfiguration;
			buildSettings = {
				ALWAYS_SEARCH_USER_PATHS = NO;
				CLANG_ANALYZER_NONNULL = YES;
				CLANG_ANALYZER_NUMBER_OBJECT_CONVERSION = YES_AGGRESSIVE;
				CLANG_CXX_LANGUAGE_STANDARD = "gnu++14";
				CLANG_CXX_LIBRARY = "libc++";
				CLANG_ENABLE_MODULES = YES;
				CLANG_ENABLE_OBJC_ARC = YES;
				CLANG_ENABLE_OBJC_WEAK = YES;
				CLANG_WARN_BLOCK_CAPTURE_AUTORELEASING = YES;
				CLANG_WARN_BOOL_CONVERSION = YES;
				CLANG_WARN_COMMA = YES;
				CLANG_WARN_CONSTANT_CONVERSION = YES;
				CLANG_WARN_DEPRECATED_OBJC_IMPLEMENTATIONS = YES;
				CLANG_WARN_DIRECT_OBJC_ISA_USAGE = YES_ERROR;
				CLANG_WARN_DOCUMENTATION_COMMENTS = YES;
				CLANG_WARN_EMPTY_BODY = YES;
				CLANG_WARN_ENUM_CONVERSION = YES;
				CLANG_WARN_INFINITE_RECURSION = YES;
				CLANG_WARN_INT_CONVERSION = YES;
				CLANG_WARN_NON_LITERAL_NULL_CONVERSION = YES;
				CLANG_WARN_OBJC_IMPLICIT_RETAIN_SELF = YES;
				CLANG_WARN_OBJC_LITERAL_CONVERSION = YES;
				CLANG_WARN_OBJC_ROOT_CLASS = YES_ERROR;
				CLANG_WARN_QUOTED_INCLUDE_IN_FRAMEWORK_HEADER = YES;
				CLANG_WARN_RANGE_LOOP_ANALYSIS = YES;
				CLANG_WARN_STRICT_PROTOTYPES = YES;
				CLANG_WARN_SUSPICIOUS_MOVE = YES;
				CLANG_WARN_UNGUARDED_AVAILABILITY = YES_AGGRESSIVE;
				CLANG_WARN_UNREACHABLE_CODE = YES;
				CLANG_WARN__DUPLICATE_METHOD_MATCH = YES;
				COPY_PHASE_STRIP = NO;
				DEBUG_INFORMATION_FORMAT = dwarf;
				ENABLE_STRICT_OBJC_MSGSEND = YES;
				ENABLE_TESTABILITY = YES;
				FRAMEWORK_SEARCH_PATHS = "$(inherited)";
				GCC_C_LANGUAGE_STANDARD = gnu11;
				GCC_DYNAMIC_NO_PIC = NO;
				GCC_NO_COMMON_BLOCKS = YES;
				GCC_OPTIMIZATION_LEVEL = 0;
				GCC_PREPROCESSOR_DEFINITIONS = (
					"DEBUG=1",
					"$(inherited)",
				);
				GCC_WARN_64_TO_32_BIT_CONVERSION = YES;
				GCC_WARN_ABOUT_RETURN_TYPE = YES_ERROR;
				GCC_WARN_UNDECLARED_SELECTOR = YES;
				GCC_WARN_UNINITIALIZED_AUTOS = YES_AGGRESSIVE;
				GCC_WARN_UNUSED_FUNCTION = YES;
				GCC_WARN_UNUSED_VARIABLE = YES;
				IPHONEOS_DEPLOYMENT_TARGET = 14.4;
				MTL_ENABLE_DEBUG_INFO = INCLUDE_SOURCE;
				MTL_FAST_MATH = YES;
				ONLY_ACTIVE_ARCH = YES;
				SDKROOT = iphoneos;
				SWIFT_ACTIVE_COMPILATION_CONDITIONS = DEBUG;
				SWIFT_OPTIMIZATION_LEVEL = "-Onone";
			};
			name = Debug;
		};
		3F5405AD263717AD000AEA16 /* Release */ = {
			isa = XCBuildConfiguration;
			buildSettings = {
				ALWAYS_SEARCH_USER_PATHS = NO;
				CLANG_ANALYZER_NONNULL = YES;
				CLANG_ANALYZER_NUMBER_OBJECT_CONVERSION = YES_AGGRESSIVE;
				CLANG_CXX_LANGUAGE_STANDARD = "gnu++14";
				CLANG_CXX_LIBRARY = "libc++";
				CLANG_ENABLE_MODULES = YES;
				CLANG_ENABLE_OBJC_ARC = YES;
				CLANG_ENABLE_OBJC_WEAK = YES;
				CLANG_WARN_BLOCK_CAPTURE_AUTORELEASING = YES;
				CLANG_WARN_BOOL_CONVERSION = YES;
				CLANG_WARN_COMMA = YES;
				CLANG_WARN_CONSTANT_CONVERSION = YES;
				CLANG_WARN_DEPRECATED_OBJC_IMPLEMENTATIONS = YES;
				CLANG_WARN_DIRECT_OBJC_ISA_USAGE = YES_ERROR;
				CLANG_WARN_DOCUMENTATION_COMMENTS = YES;
				CLANG_WARN_EMPTY_BODY = YES;
				CLANG_WARN_ENUM_CONVERSION = YES;
				CLANG_WARN_INFINITE_RECURSION = YES;
				CLANG_WARN_INT_CONVERSION = YES;
				CLANG_WARN_NON_LITERAL_NULL_CONVERSION = YES;
				CLANG_WARN_OBJC_IMPLICIT_RETAIN_SELF = YES;
				CLANG_WARN_OBJC_LITERAL_CONVERSION = YES;
				CLANG_WARN_OBJC_ROOT_CLASS = YES_ERROR;
				CLANG_WARN_QUOTED_INCLUDE_IN_FRAMEWORK_HEADER = YES;
				CLANG_WARN_RANGE_LOOP_ANALYSIS = YES;
				CLANG_WARN_STRICT_PROTOTYPES = YES;
				CLANG_WARN_SUSPICIOUS_MOVE = YES;
				CLANG_WARN_UNGUARDED_AVAILABILITY = YES_AGGRESSIVE;
				CLANG_WARN_UNREACHABLE_CODE = YES;
				CLANG_WARN__DUPLICATE_METHOD_MATCH = YES;
				COPY_PHASE_STRIP = NO;
				DEBUG_INFORMATION_FORMAT = "dwarf-with-dsym";
				ENABLE_NS_ASSERTIONS = NO;
				ENABLE_STRICT_OBJC_MSGSEND = YES;
				FRAMEWORK_SEARCH_PATHS = "$(inherited)";
				GCC_C_LANGUAGE_STANDARD = gnu11;
				GCC_NO_COMMON_BLOCKS = YES;
				GCC_WARN_64_TO_32_BIT_CONVERSION = YES;
				GCC_WARN_ABOUT_RETURN_TYPE = YES_ERROR;
				GCC_WARN_UNDECLARED_SELECTOR = YES;
				GCC_WARN_UNINITIALIZED_AUTOS = YES_AGGRESSIVE;
				GCC_WARN_UNUSED_FUNCTION = YES;
				GCC_WARN_UNUSED_VARIABLE = YES;
				IPHONEOS_DEPLOYMENT_TARGET = 14.4;
				MTL_ENABLE_DEBUG_INFO = NO;
				MTL_FAST_MATH = YES;
				SDKROOT = iphoneos;
				SWIFT_COMPILATION_MODE = wholemodule;
				SWIFT_OPTIMIZATION_LEVEL = "-O";
				VALIDATE_PRODUCT = YES;
			};
			name = Release;
		};
		3F5405AF263717AD000AEA16 /* Debug */ = {
			isa = XCBuildConfiguration;
			baseConfigurationReference = D77D5821D2EE4AD0942140E3 /* Pods-KMMTApp.debug.xcconfig */;
			buildSettings = {
				ASSETCATALOG_COMPILER_APPICON_NAME = AppIcon;
				ASSETCATALOG_COMPILER_GLOBAL_ACCENT_COLOR_NAME = AccentColor;
				CODE_SIGN_STYLE = Automatic;
				DEBUG_INFORMATION_FORMAT = "dwarf-with-dsym";
				DEVELOPMENT_TEAM = PN98H5MA89;
				FRAMEWORK_SEARCH_PATHS = (
					"$(inherited)",
					"\"${PODS_ROOT}/../../shared/build/cocoapods/framework\"",
				);
				INFOPLIST_FILE = "KMMT App/Info.plist";
				LD_RUNPATH_SEARCH_PATHS = (
					"$(inherited)",
					"@executable_path/Frameworks",
				);
				OTHER_LDFLAGS = (
					"$(inherited)",
					"-ObjC",
					"-l\"c++\"",
					"-framework",
					"\"shared\"",
					"-lsqlite3",
				);
				PRODUCT_BUNDLE_IDENTIFIER = "com.jittyandiyan.mobile.KMMT-App.ios";
				PRODUCT_NAME = "$(TARGET_NAME)";
				SWIFT_VERSION = 5.0;
				TARGETED_DEVICE_FAMILY = "1,2";
			};
			name = Debug;
		};
		3F5405B0263717AD000AEA16 /* Release */ = {
			isa = XCBuildConfiguration;
			baseConfigurationReference = B4A7BBB3599BB8115A2E00AA /* Pods-KMMTApp.release.xcconfig */;
			buildSettings = {
				ASSETCATALOG_COMPILER_APPICON_NAME = AppIcon;
				ASSETCATALOG_COMPILER_GLOBAL_ACCENT_COLOR_NAME = AccentColor;
				CODE_SIGN_STYLE = Automatic;
				DEVELOPMENT_TEAM = PN98H5MA89;
				FRAMEWORK_SEARCH_PATHS = (
					"$(inherited)",
					"\"${PODS_ROOT}/../../shared/build/cocoapods/framework\"",
				);
				INFOPLIST_FILE = "KMMT App/Info.plist";
				LD_RUNPATH_SEARCH_PATHS = (
					"$(inherited)",
					"@executable_path/Frameworks",
				);
				OTHER_LDFLAGS = (
					"$(inherited)",
					"-ObjC",
					"-l\"c++\"",
					"-framework",
					"\"shared\"",
					"-lsqlite3",
				);
				PRODUCT_BUNDLE_IDENTIFIER = "com.jittyandiyan.mobile.KMMT-App.ios";
				PRODUCT_NAME = "$(TARGET_NAME)";
				SWIFT_VERSION = 5.0;
				TARGETED_DEVICE_FAMILY = "1,2";
			};
			name = Release;
		};
		3F5405B2263717AD000AEA16 /* Debug */ = {
			isa = XCBuildConfiguration;
			buildSettings = {
				ALWAYS_EMBED_SWIFT_STANDARD_LIBRARIES = YES;
				BUNDLE_LOADER = "$(TEST_HOST)";
				CODE_SIGN_STYLE = Automatic;
				INFOPLIST_FILE = "KMMT AppTests/Info.plist";
				IPHONEOS_DEPLOYMENT_TARGET = 14.4;
				LD_RUNPATH_SEARCH_PATHS = (
					"$(inherited)",
					"@executable_path/Frameworks",
					"@loader_path/Frameworks",
				);
				PRODUCT_BUNDLE_IDENTIFIER = "com.jittyandiyan.mobile.KMMT-AppTests";
				PRODUCT_NAME = "$(TARGET_NAME)";
				SWIFT_VERSION = 5.0;
				TARGETED_DEVICE_FAMILY = "1,2";
				TEST_HOST = "$(BUILT_PRODUCTS_DIR)/KMMTApp.app/KMMTApp";
			};
			name = Debug;
		};
		3F5405B3263717AD000AEA16 /* Release */ = {
			isa = XCBuildConfiguration;
			buildSettings = {
				ALWAYS_EMBED_SWIFT_STANDARD_LIBRARIES = YES;
				BUNDLE_LOADER = "$(TEST_HOST)";
				CODE_SIGN_STYLE = Automatic;
				INFOPLIST_FILE = "KMMT AppTests/Info.plist";
				IPHONEOS_DEPLOYMENT_TARGET = 14.4;
				LD_RUNPATH_SEARCH_PATHS = (
					"$(inherited)",
					"@executable_path/Frameworks",
					"@loader_path/Frameworks",
				);
				PRODUCT_BUNDLE_IDENTIFIER = "com.jittyandiyan.mobile.KMMT-AppTests";
				PRODUCT_NAME = "$(TARGET_NAME)";
				SWIFT_VERSION = 5.0;
				TARGETED_DEVICE_FAMILY = "1,2";
				TEST_HOST = "$(BUILT_PRODUCTS_DIR)/KMMTApp.app/KMMTApp";
			};
			name = Release;
		};
		3F5405B5263717AD000AEA16 /* Debug */ = {
			isa = XCBuildConfiguration;
			buildSettings = {
				ALWAYS_EMBED_SWIFT_STANDARD_LIBRARIES = YES;
				CODE_SIGN_STYLE = Automatic;
				INFOPLIST_FILE = "KMMT AppUITests/Info.plist";
				LD_RUNPATH_SEARCH_PATHS = (
					"$(inherited)",
					"@executable_path/Frameworks",
					"@loader_path/Frameworks",
				);
				PRODUCT_BUNDLE_IDENTIFIER = "com.jittyandiyan.mobile.KMMT-AppUITests";
				PRODUCT_NAME = "$(TARGET_NAME)";
				SWIFT_VERSION = 5.0;
				TARGETED_DEVICE_FAMILY = "1,2";
				TEST_TARGET_NAME = "KMMT App";
			};
			name = Debug;
		};
		3F5405B6263717AD000AEA16 /* Release */ = {
			isa = XCBuildConfiguration;
			buildSettings = {
				ALWAYS_EMBED_SWIFT_STANDARD_LIBRARIES = YES;
				CODE_SIGN_STYLE = Automatic;
				INFOPLIST_FILE = "KMMT AppUITests/Info.plist";
				LD_RUNPATH_SEARCH_PATHS = (
					"$(inherited)",
					"@executable_path/Frameworks",
					"@loader_path/Frameworks",
				);
				PRODUCT_BUNDLE_IDENTIFIER = "com.jittyandiyan.mobile.KMMT-AppUITests";
				PRODUCT_NAME = "$(TARGET_NAME)";
				SWIFT_VERSION = 5.0;
				TARGETED_DEVICE_FAMILY = "1,2";
				TEST_TARGET_NAME = "KMMT App";
			};
			name = Release;
		};
/* End XCBuildConfiguration section */

/* Begin XCConfigurationList section */
		3F54057F263717AB000AEA16 /* Build configuration list for PBXProject "KMMTApp" */ = {
			isa = XCConfigurationList;
			buildConfigurations = (
				3F5405AC263717AD000AEA16 /* Debug */,
				3F5405AD263717AD000AEA16 /* Release */,
			);
			defaultConfigurationIsVisible = 0;
			defaultConfigurationName = Release;
		};
		3F5405AE263717AD000AEA16 /* Build configuration list for PBXNativeTarget "KMMTApp" */ = {
			isa = XCConfigurationList;
			buildConfigurations = (
				3F5405AF263717AD000AEA16 /* Debug */,
				3F5405B0263717AD000AEA16 /* Release */,
			);
			defaultConfigurationIsVisible = 0;
			defaultConfigurationName = Release;
		};
		3F5405B1263717AD000AEA16 /* Build configuration list for PBXNativeTarget "KMMTAppTests" */ = {
			isa = XCConfigurationList;
			buildConfigurations = (
				3F5405B2263717AD000AEA16 /* Debug */,
				3F5405B3263717AD000AEA16 /* Release */,
			);
			defaultConfigurationIsVisible = 0;
			defaultConfigurationName = Release;
		};
		3F5405B4263717AD000AEA16 /* Build configuration list for PBXNativeTarget "KMMTAppUITests" */ = {
			isa = XCConfigurationList;
			buildConfigurations = (
				3F5405B5263717AD000AEA16 /* Debug */,
				3F5405B6263717AD000AEA16 /* Release */,
			);
			defaultConfigurationIsVisible = 0;
			defaultConfigurationName = Release;
		};
/* End XCConfigurationList section */
	};
	rootObject = 3F54057C263717AB000AEA16 /* Project object */;
}
