PODS:
  - SkyFloatingLabelTextField (3.8.0)

DEPENDENCIES:
  - SkyFloatingLabelTextField (~> 3.0)

SPEC REPOS:
  trunk:
    - SkyFloatingLabelTextField

SPEC CHECKSUMS:
  SkyFloatingLabelTextField: 5a338412114808e961fe2d14ea2c5452c8b6e4aa

PODFILE CHECKSUM: 7cec3058f362820b7c92a7845d9df557622c7cf6

COCOAPODS: 1.10.1
